version = 1
revision = 3
requires-python = ">=3.11"

[[package]]
name = "annotated-doc"
version = "0.0.4"
source = { registry = "https://pypi.org/simple" }
sdist = { url = "https://files.pythonhosted.org/packages/57/ba/046ceea27344560984e26a590f90bc7f4a75b06701f653222458922b558c/annotated_doc-0.0.4.tar.gz", hash = "sha256:fbcda96e87e9c92ad167c2e53839e57503ecfda18804ea28102353485033faa4", size = 7288, upload-time = "2025-11-10T22:07:42.062Z" }
wheels = [
    { url = "https://files.pythonhosted.org/packages/1e/d3/26bf1008eb3d2daa8ef4cacc7f3bfdc11818d111f7e2d0201bc6e3b49d45/annotated_doc-0.0.4-py3-none-any.whl", hash = "sha256:571ac1dc6991c450b25a9c2d84a3705e2ae7a53467b5d111c24fa8baabbed320", size = 5303, upload-time = "2025-11-10T22:07:40.673Z" },
]

[[package]]
name = "click"
version = "8.3.1"
source = { registry = "https://pypi.org/simple" }
dependencies = [
    { name = "colorama", marker = "sys_platform == 'win32'" },
]
sdist = { url = "https://files.pythonhosted.org/packages/3d/fa/656b739db8587d7b5dfa22e22ed02566950fbfbcdc20311993483657a5c0/click-8.3.1.tar.gz", hash = "sha256:12ff4785d337a1bb490bb7e9c2b1ee5da3112e94a8622f26a6c77f5d2fc6842a", size = 295065, upload-time = "2025-11-15T20:45:42.706Z" }
wheels = [
    { url = "https://files.pythonhosted.org/packages/98/78/01c019cdb5d6498122777c1a43056ebb3ebfeef2076d9d026bfe15583b2b/click-8.3.1-py3-none-any.whl", hash = "sha256:981153a64e25f12d547d3426c367a4857371575ee7ad18df2a6183ab0545b2a6", size = 108274, upload-time = "2025-11-15T20:45:41.139Z" },
]

[[package]]
name = "colorama"
version = "0.4.6"
source = { registry = "https://pypi.org/simple" }
sdist = { url = "https://files.pythonhosted.org/packages/d8/53/6f443c9a4a8358a93a6792e2acffb9d9d5cb0a5cfd8802644b7b1c9a02e4/colorama-0.4.6.tar.gz", hash = "sha256:08695f5cb7ed6e0531a20572697297273c47b8cae5a63ffc6d6ed5c201be6e44", size = 27697, upload-time = "2022-10-25T02:36:22.414Z" }
wheels = [
    { url = "https://files.pythonhosted.org/packages/d1/d6/3965ed04c63042e047cb6a3e6ed1a63a35087b6a609aa3a15ed8ac56c221/colorama-0.4.6-py2.py3-none-any.whl", hash = "sha256:4f1d9991f5acc0ca119f9d443620b77f9d6b33703e51011c16baf57afb285fc6", size = 25335, upload-time = "2022-10-25T02:36:20.889Z" },
]

[[package]]
name = "convx-ai"
version = "0.2.0"
source = { editable = "." }
dependencies = [
    { name = "hyperscan" },
    { name = "tantivy" },
    { name = "textual" },
    { name = "typer" },
]

[package.dev-dependencies]
dev = [
    { name = "pytest" },
    { name = "ruff" },
]

[package.metadata]
requires-dist = [
    { name = "hyperscan", specifier = ">=0.2.0" },
    { name = "tantivy", specifier = ">=0.22" },
    { name = "textual", specifier = ">=8.0" },
    { name = "typer", specifier = ">=0.12.0" },
]

[package.metadata.requires-dev]
dev = [
    { name = "pytest", specifier = ">=8.0.0" },
    { name = "ruff", specifier = ">=0.8.0" },
]

[[package]]
name = "hyperscan"
version = "0.8.1"
source = { registry = "https://pypi.org/simple" }
sdist = { url = "https://files.pythonhosted.org/packages/cc/56/6359bfa86a3bfeeecbeeb1ffcfc9484058c8a8ae153c8bda2181c3511e6b/hyperscan-0.8.1.tar.gz", hash = "sha256:d50bf70b0110817a308bfb1855055dc4d649934857b958498a1791164f512779", size = 125303, upload-time = "2026-02-11T19:19:46.323Z" }
wheels = [
    { url = "https://files.pythonhosted.org/packages/03/3b/75a8847b7cfe5182c118032728a27c1841ab5d00d8d0ee4d386aac30df40/hyperscan-0.8.1-cp311-cp311-macosx_10_9_x86_64.whl", hash = "sha256:c196ed6964b8d8f5cb3ea63a3eb254ac4b664ea8415e8e7241b0f79a0767d64d", size = 2043722, upload-time = "2026-02-11T19:18:48.543Z" },
    { url = "https://files.pythonhosted.org/packages/60/01/ca8600cbdf12d0a32f23416add2964d915917bb6495c126d4383df9ab8e3/hyperscan-0.8.1-cp311-cp311-macosx_11_0_arm64.whl", hash = "sha256:c1bbd051ed57653ae150d12463c6e33a43c749573ef474077be600662e1d5200", size = 2033111, upload-time = "2026-02-11T19:18:49.946Z" },
    { url = "https://files.pythonhosted.org/packages/38/55/a88473e78076535ac0c453da03fd0895bb39b81de90282c43a6c1426ce86/hyperscan-0.8.1-cp311-cp311-manylinux2014_x86_64.manylinux_2_17_x86_64.whl", hash = "sha256:d392eb07bcb68c235985bc0bb4b4db9cc06e4f777ef12b2e05257168a7b717a1", size = 2763705, upload-time = "2026-02-11T19:18:51.396Z" },
    { url = "https://files.pythonhosted.org/packages/a8/12/5eb0315943474d2ef517b84c14cc0a5f2e477cc3b472849b94fed6cc8733/hyperscan-0.8.1-cp311-cp311-manylinux_2_24_aarch64.manylinux_2_28_aarch64.whl", hash = "sha256:ce2d79a32d7059e91cd8bb7658c754a563534fa7911ddea1b1c09ccdb9c290a3", size = 2567518, upload-time = "2026-02-11T19:18:52.745Z" },
    { url = "https://files.pythonhosted.org/packages/94/a4/7fe158a1b8d12bbb8db8a914b30154f6bc17d0f0849b52d7e7339a831249/hyperscan-0.8.1-cp311-cp311-musllinux_1_2_aarch64.whl", hash = "sha256:7708b19a31f34b43b8591116e6c9b58da6aad861ac28e39eaf8026a45857af11", size = 2389575, upload-time = "2026-02-11T19:18:54.344Z" },
    { url = "https://files.pythonhosted.org/packages/33/e3/6e09320a41da25d6d94f47eccc0aa74a56e497cdb6704e66de6d799ad88f/hyperscan-0.8.1-cp311-cp311-musllinux_1_2_x86_64.whl", hash = "sha256:b6f5db1470155f63ce8dcbec318518f4f9bea6d491aa664d637614ce63b1b033", size = 2429055, upload-time = "2026-02-11T19:18:55.796Z" },
    { url = "https://files.pythonhosted.org/packages/85/5a/9d9f03fc46b767a1c757c9845ce940349072757272fe94af86bf2c347d9b/hyperscan-0.8.1-cp311-cp311-win_amd64.whl", hash = "sha256:fe9040a468d8c8d1f7e69690598306255dbd8b53f61395a9933f8976a82f9215", size = 1955848, upload-time = "2026-02-11T19:18:57.499Z" },
    { url = "https://files.pythonhosted.org/packages/bb/31/f60c438e3de8f332483ce950a00732dc4bceb324b10911777524f0b789e4/hyperscan-0.8.1-cp312-cp312-macosx_10_13_x86_64.whl", hash = "sha256:4338ce100ba29d3f9ffbaac6299845d6a504390a8f53b773a9163c97a311e6aa", size = 2044125, upload-time = "2026-02-11T19:18:58.913Z" },
    { url = "https://files.pythonhosted.org/packages/12/5b/807c6597815136d29b018287c5573decac124aecf4eca1079c2c957cb9f3/hyperscan-0.8.1-cp312-cp312-macosx_11_0_arm64.whl", hash = "sha256:1be93c62df66118770d5ca8629a87ff7bffbd19284c673dd77e989c9a17cf0b8", size = 2032976, upload-time = "2026-02-11T19:19:00.989Z" },
    { url = "https://files.pythonhosted.org/packages/91/65/e28364f7e21cd94a5b201cfd321a0cacffbd27ff836eaf616487373e692a/hyperscan-0.8.1-cp312-cp312-manylinux2014_x86_64.manylinux_2_17_x86_64.whl", hash = "sha256:39e15cd4f274ce3f0ef099b0ceaad87bc888f2cc9bd24f006eac99ddc9eab682", size = 2763720, upload-time = "2026-02-11T19:19:02.616Z" },
    { url = "https://files.pythonhosted.org/packages/4f/83/c0a4c8154af80ed6cd4f09800a3884a56fa146896e723bb5be12a54f0d4c/hyperscan-0.8.1-cp312-cp312-manylinux_2_24_aarch64.manylinux_2_28_aarch64.whl", hash = "sha256:4235cfc092ee361413ea686e960f500f8440e622b4e2a0edc45fbf399909abe7", size = 2567751, upload-time = "2026-02-11T19:19:04.028Z" },
    { url = "https://files.pythonhosted.org/packages/59/45/108143793207adbef4b32128a643ff765899e34ca911b8ffc1e9c9d8f405/hyperscan-0.8.1-cp312-cp312-musllinux_1_2_aarch64.whl", hash = "sha256:5d0d3d3000adb0f6d0a9e0f56e8971fe3740495d05e18e1e165deb481cfb54ef", size = 2389785, upload-time = "2026-02-11T19:19:05.531Z" },
    { url = "https://files.pythonhosted.org/packages/cd/7a/365c927ee669297459cfd40e30ec965361f76756e2948c964247d6c7001a/hyperscan-0.8.1-cp312-cp312-musllinux_1_2_x86_64.whl", hash = "sha256:518a4c858f9ec7777eac30232d0999fc3f3c15e648083894d863eabd16e0f678", size = 2429031, upload-time = "2026-02-11T19:19:06.982Z" },
    { url = "https://files.pythonhosted.org/packages/c2/42/500e51ce649a379a0eed27163be4810108a0bb9d0173edb801e31db6b293/hyperscan-0.8.1-cp312-cp312-win_amd64.whl", hash = "sha256:749f163926e7da853eafda7f3178f2a56582dc7000a7dd1b736b77f8831dac8a", size = 1956064, upload-time = "2026-02-11T19:19:08.38Z" },
    { url = "https://files.pythonhosted.org/packages/17/b2/6060a2a84a2dae7024d03719ecf6b0438b6f40aeba11a34ede6ffdea7b91/hyperscan-0.8.1-cp313-cp313-macosx_10_13_x86_64.whl", hash = "sha256:ee39b88a85fbd0b262e2a458985f878f6cf726e41099c601e0c2ce681aa16d98", size = 2044166, upload-time = "2026-02-11T19:19:09.761Z" },
    { url = "https://files.pythonhosted.org/packages/ad/44/6a727f676c0cf86efed79320dfe968d53d66f8f2df4f9ebab33cabd648c9/hyperscan-0.8.1-cp313-cp313-macosx_11_0_arm64.whl", hash = "sha256:6ce5d67e90ad18800f68a7ef52fdba60223ff5ebfa19b945d6abbc0a6163e69f", size = 2033045, upload-time = "2026-02-11T19:19:11.156Z" },
    { url = "https://files.pythonhosted.org/packages/a0/32/6edc476f9623ef7f87dc851e28803ad0b765202f129f399223a7b917fb32/hyperscan-0.8.1-cp313-cp313-manylinux2014_x86_64.manylinux_2_17_x86_64.whl", hash = "sha256:8d504b8fda00678d86cd1ea63ca15ef19e553da411636eb36acc1c85d1d0ee2c", size = 2763694, upload-time = "2026-02-11T19:19:12.522Z" },
    { url = "https://files.pythonhosted.org/packages/d6/83/e05ec0da2f856925dae6c978fc67c354d9a48712626cc455c891995b236f/hyperscan-0.8.1-cp313-cp313-manylinux_2_24_aarch64.manylinux_2_28_aarch64.whl", hash = "sha256:9f25ec48d0a8d3d97ebc758fdfa601c89db26039004c7f1ce2823249adbc7960", size = 2567752, upload-time = "2026-02-11T19:19:13.932Z" },
    { url = "https://files.pythonhosted.org/packages/4e/b0/44679375c66a7ee30c05e31f92cbeeade4bd9efe225b0e4080657a2258de/hyperscan-0.8.1-cp313-cp313-musllinux_1_2_aarch64.whl", hash = "sha256:4952a74ab75196ce937d3d60d37fe7157e6b570b87726366f6ec7a22f204519d", size = 2389687, upload-time = "2026-02-11T19:19:15.485Z" },
    { url = "https://files.pythonhosted.org/packages/af/32/e056369242414849e8ea4ea6efd03fdccf05b953623baca77b5ac6a33640/hyperscan-0.8.1-cp313-cp313-musllinux_1_2_x86_64.whl", hash = "sha256:3f22cfcba25ff91ecaa655eb5e666760e2f5fde1af6c91548b71a7336cb0531e", size = 2429033, upload-time = "2026-02-11T19:19:16.843Z" },
    { url = "https://files.pythonhosted.org/packages/0c/ac/2e53b22605671a872fb2a8ef8ff40a051ced0caae71d91a690af4f08fffe/hyperscan-0.8.1-cp313-cp313-win_amd64.whl", hash = "sha256:773fc1373a6a12b09e3b1580dcb238dc5e2ebc17482284a436958cbb432e439f", size = 1956074, upload-time = "2026-02-11T19:19:18.571Z" },
    { url = "https://files.pythonhosted.org/packages/19/af/093b2aabc490edd3440787d0b1b9152166aab5a231099ad5ed2d4e185ca2/hyperscan-0.8.1-cp314-cp314-macosx_10_15_x86_64.whl", hash = "sha256:1f0fcb17c5270d2cf49af42ceea65a9b606f0583bcd9f7d902882f860710330f", size = 2044212, upload-time = "2026-02-11T19:19:20.489Z" },
    { url = "https://files.pythonhosted.org/packages/0e/f7/0d6e23793939d9155f91bbdd14f963a1463b78625753e454c5e6d132fdad/hyperscan-0.8.1-cp314-cp314-macosx_11_0_arm64.whl", hash = "sha256:3ff9acaa9b96a8326188e79f87ebccee05f703dd6c888fb8250656ec91fa7c29", size = 2033060, upload-time = "2026-02-11T19:19:22.79Z" },
    { url = "https://files.pythonhosted.org/packages/e2/3f/a3a9b896993e10f27518c7cc8dfc71ad39c95e8b4fdc918c725dec61f1bf/hyperscan-0.8.1-cp314-cp314-manylinux2014_x86_64.manylinux_2_17_x86_64.whl", hash = "sha256:ad0ffbe030b6fa8714576313d6acffd4269a0b459ea6145b5fcde6dc83d50559", size = 2763730, upload-time = "2026-02-11T19:19:24.4Z" },
    { url = "https://files.pythonhosted.org/packages/09/75/266d29ea168efa6bc40353887eedfcfd1830614d1c1493533bb934f9a32c/hyperscan-0.8.1-cp314-cp314-manylinux_2_24_aarch64.manylinux_2_28_aarch64.whl", hash = "sha256:b9f4a47d2e200d4572ce29c9898e3f66c346311069e54029e5f5dee82e7b4755", size = 2567826, upload-time = "2026-02-11T19:19:26.233Z" },
    { url = "https://files.pythonhosted.org/packages/a7/3d/5d428187c455f55fc479ab8825babc850f684f9687a24c7d50f5de558502/hyperscan-0.8.1-cp314-cp314-musllinux_1_2_aarch64.whl", hash = "sha256:0356efcfe5ea9b58aad0132d691ab02b706a4d738fa88d50b2848ba73014be40", size = 2389750, upload-time = "2026-02-11T19:19:27.747Z" },
    { url = "https://files.pythonhosted.org/packages/0a/ee/44abb1caef838c9d8a471213a2180f2183e315892f6756fede01100129a6/hyperscan-0.8.1-cp314-cp314-musllinux_1_2_x86_64.whl", hash = "sha256:74a25eb34e099c728ad841bbae0a84c9b6794504f53f0c929d84a7a79818c5f6", size = 2428972, upload-time = "2026-02-11T19:19:29.808Z" },
    { url = "https://files.pythonhosted.org/packages/52/9c/3c29cd06da52385c5a9acf754a1519f9f3ae66f04e24cc7c1f432bda4d25/hyperscan-0.8.1-cp314-cp314-win_amd64.whl", hash = "sha256:e7216be94f40449e52a862d79ba2f860cda30ea7e980d9a5b4958552b2316673", size = 2018343, upload-time = "2026-02-11T19:19:31.132Z" },
    { url = "https://files.pythonhosted.org/packages/6f/df/63a1da4141bc56551976cfd077876d8a7c1f1e8fae0b2e1bea5132c1178d/hyperscan-0.8.1-cp314-cp314t-macosx_10_15_x86_64.whl", hash = "sha256:3fdf98e215b04cb8fae439ff7cc83657d4836b369b032c225f0d79a630b56f7c", size = 2045311, upload-time = "2026-02-11T19:19:32.454Z" },
    { url = "https://files.pythonhosted.org/packages/aa/4e/4bf3f5aaa43716534d5fa52a079c450bba2b08d6de295893ad2c9ceaba1f/hyperscan-0.8.1-cp314-cp314t-macosx_11_0_arm64.whl", hash = "sha256:272603d6fa6409064ce72c821d4c17f8cdc2aa92070e8c0e790eb107c4243f22", size = 2033721, upload-time = "2026-02-11T19:19:34.022Z" },
    { url = "https://files.pythonhosted.org/packages/0d/61/ee8a78d4af5b46edcd469736aa9d6f443833cc96b15a4f3cc1786b16ffa4/hyperscan-0.8.1-cp314-cp314t-manylinux2014_x86_64.manylinux_2_17_x86_64.whl", hash = "sha256:fcd43a1ce79d576edba65cf41fc7be15a935546e998a7830e76d1522bd6983f2", size = 2764106, upload-time = "2026-02-11T19:19:35.978Z" },
    { url = "https://files.pythonhosted.org/packages/85/80/1149824c5d0a7cece45e29f74bc76db8b6d00a7bd6141bb027a9c2b8bda0/hyperscan-0.8.1-cp314-cp314t-manylinux_2_24_aarch64.manylinux_2_28_aarch64.whl", hash = "sha256:b969157f433a3e1cbd4d9456a2bd02f9f76427d3512a185e959b2750c6dcb290", size = 2568316, upload-time = "2026-02-11T19:19:37.381Z" },
    { url = "https://files.pythonhosted.org/packages/4d/5d/da70598668ec666564febeda85f43ae7d014d5314888e6b65ed813668bce/hyperscan-0.8.1-cp314-cp314t-musllinux_1_2_aarch64.whl", hash = "sha256:bbb69b3aebee7241a361c7d0ab778bf1ca683a22ea8c146f03499dc8d85abce1", size = 2391145, upload-time = "2026-02-11T19:19:38.955Z" },
    { url = "https://files.pythonhosted.org/packages/da/fa/fa26c2ad3645a50561287f4cf36d4fa9ef1a41ffecce573905a05d29c980/hyperscan-0.8.1-cp314-cp314t-musllinux_1_2_x86_64.whl", hash = "sha256:78c9082637abd01180979cb31f0c627830c9380a5317bf1b104486f1711e312b", size = 2429992, upload-time = "2026-02-11T19:19:40.377Z" },
    { url = "https://files.pythonhosted.org/packages/74/31/071eaafc358c82c2ea857d4d3ccb2deb23b61bc3b17d7db887f2af32de82/hyperscan-0.8.1-cp314-cp314t-win_amd64.whl", hash = "sha256:cc051487704fa754089fbd449ded37ae1136e6d293abc52ac8f86c7efc31fd97", size = 2019709, upload-time = "2026-02-11T19:19:42.071Z" },
]

[[package]]
name = "iniconfig"
version = "2.3.0"
source = { registry = "https://pypi.org/simple" }
sdist = { url = "https://files.pythonhosted.org/packages/72/34/14ca021ce8e5dfedc35312d08ba8bf51fdd999c576889fc2c24cb97f4f10/iniconfig-2.3.0.tar.gz", hash = "sha256:c76315c77db068650d49c5b56314774a7804df16fee4402c1f19d6d15d8c4730", size = 20503, upload-time = "2025-10-18T21:55:43.219Z" }
wheels = [
    { url = "https://files.pythonhosted.org/packages/cb/b1/3846dd7f199d53cb17f49cba7e651e9ce294d8497c8c150530ed11865bb8/iniconfig-2.3.0-py3-none-any.whl", hash = "sha256:f631c04d2c48c52b84d0d0549c99ff3859c98df65b3101406327ecc7d53fbf12", size = 7484, upload-time = "2025-10-18T21:55:41.639Z" },
]

[[package]]
name = "linkify-it-py"
version = "2.0.3"
source = { registry = "https://pypi.org/simple" }
dependencies = [
    { name = "uc-micro-py" },
]
sdist = { url = "https://files.pythonhosted.org/packages/2a/ae/bb56c6828e4797ba5a4821eec7c43b8bf40f69cda4d4f5f8c8a2810ec96a/linkify-it-py-2.0.3.tar.gz", hash = "sha256:68cda27e162e9215c17d786649d1da0021a451bdc436ef9e0fa0ba5234b9b048", size = 27946, upload-time = "2024-02-04T14:48:04.179Z" }
wheels = [
    { url = "https://files.pythonhosted.org/packages/04/1e/b832de447dee8b582cac175871d2f6c3d5077cc56d5575cadba1fd1cccfa/linkify_it_py-2.0.3-py3-none-any.whl", hash = "sha256:6bcbc417b0ac14323382aef5c5192c0075bf8a9d6b41820a2b66371eac6b6d79", size = 19820, upload-time = "2024-02-04T14:48:02.496Z" },
]

[[package]]
name = "markdown-it-py"
version = "4.0.0"
source = { registry = "https://pypi.org/simple" }
dependencies = [
    { name = "mdurl" },
]
sdist = { url = "https://files.pythonhosted.org/packages/5b/f5/4ec618ed16cc4f8fb3b701563655a69816155e79e24a17b651541804721d/markdown_it_py-4.0.0.tar.gz", hash = "sha256:cb0a2b4aa34f932c007117b194e945bd74e0ec24133ceb5bac59009cda1cb9f3", size = 73070, upload-time = "2025-08-11T12:57:52.854Z" }
wheels = [
    { url = "https://files.pythonhosted.org/packages/94/54/e7d793b573f298e1c9013b8c4dade17d481164aa517d1d7148619c2cedbf/markdown_it_py-4.0.0-py3-none-any.whl", hash = "sha256:87327c59b172c5011896038353a81343b6754500a08cd7a4973bb48c6d578147", size = 87321, upload-time = "2025-08-11T12:57:51.923Z" },
]

[package.optional-dependencies]
linkify = [
    { name = "linkify-it-py" },
]

[[package]]
name = "mdit-py-plugins"
version = "0.5.0"
source = { registry = "https://pypi.org/simple" }
dependencies = [
    { name = "markdown-it-py" },
]
sdist = { url = "https://files.pythonhosted.org/packages/b2/fd/a756d36c0bfba5f6e39a1cdbdbfdd448dc02692467d83816dff4592a1ebc/mdit_py_plugins-0.5.0.tar.gz", hash = "sha256:f4918cb50119f50446560513a8e311d574ff6aaed72606ddae6d35716fe809c6", size = 44655, upload-time = "2025-08-11T07:25:49.083Z" }
wheels = [
    { url = "https://files.pythonhosted.org/packages/fb/86/dd6e5db36df29e76c7a7699123569a4a18c1623ce68d826ed96c62643cae/mdit_py_plugins-0.5.0-py3-none-any.whl", hash = "sha256:07a08422fc1936a5d26d146759e9155ea466e842f5ab2f7d2266dd084c8dab1f", size = 57205, upload-time = "2025-08-11T07:25:47.597Z" },
]

[[package]]
name = "mdurl"
version = "0.1.2"
source = { registry = "https://pypi.org/simple" }
sdist = { url = "https://files.pythonhosted.org/packages/d6/54/cfe61301667036ec958cb99bd3efefba235e65cdeb9c84d24a8293ba1d90/mdurl-0.1.2.tar.gz", hash = "sha256:bb413d29f5eea38f31dd4754dd7377d4465116fb207585f97bf925588687c1ba", size = 8729, upload-time = "2022-08-14T12:40:10.846Z" }
wheels = [
    { url = "https://files.pythonhosted.org/packages/b3/38/89ba8ad64ae25be8de66a6d463314cf1eb366222074cfda9ee839c56a4b4/mdurl-0.1.2-py3-none-any.whl", hash = "sha256:84008a41e51615a49fc9966191ff91509e3c40b939176e643fd50a5c2196b8f8", size = 9979, upload-time = "2022-08-14T12:40:09.779Z" },
]

[[package]]
name = "packaging"
version = "26.0"
source = { registry = "https://pypi.org/simple" }
sdist = { url = "https://files.pythonhosted.org/packages/65/ee/299d360cdc32edc7d2cf530f3accf79c4fca01e96ffc950d8a52213bd8e4/packaging-26.0.tar.gz", hash = "sha256:00243ae351a257117b6a241061796684b084ed1c516a08c48a3f7e147a9d80b4", size = 143416, upload-time = "2026-01-21T20:50:39.064Z" }
wheels = [
    { url = "https://files.pythonhosted.org/packages/b7/b9/c538f279a4e237a006a2c98387d081e9eb060d203d8ed34467cc0f0b9b53/packaging-26.0-py3-none-any.whl", hash = "sha256:b36f1fef9334a5588b4166f8bcd26a14e521f2b55e6b9de3aaa80d3ff7a37529", size = 74366, upload-time = "2026-01-21T20:50:37.788Z" },
]

[[package]]
name = "platformdirs"
version = "4.9.2"
source = { registry = "https://pypi.org/simple" }
sdist = { url = "https://files.pythonhosted.org/packages/1b/04/fea538adf7dbbd6d186f551d595961e564a3b6715bdf276b477460858672/platformdirs-4.9.2.tar.gz", hash = "sha256:9a33809944b9db043ad67ca0db94b14bf452cc6aeaac46a88ea55b26e2e9d291", size = 28394, upload-time = "2026-02-16T03:56:10.574Z" }
wheels = [
    { url = "https://files.pythonhosted.org/packages/48/31/05e764397056194206169869b50cf2fee4dbbbc71b344705b9c0d878d4d8/platformdirs-4.9.2-py3-none-any.whl", hash = "sha256:9170634f126f8efdae22fb58ae8a0eaa86f38365bc57897a6c4f781d1f5875bd", size = 21168, upload-time = "2026-02-16T03:56:08.891Z" },
]

[[package]]
name = "pluggy"
version = "1.6.0"
source = { registry = "https://pypi.org/simple" }
sdist = { url = "https://files.pythonhosted.org/packages/f9/e2/3e91f31a7d2b083fe6ef3fa267035b518369d9511ffab804f839851d2779/pluggy-1.6.0.tar.gz", hash = "sha256:7dcc130b76258d33b90f61b658791dede3486c3e6bfb003ee5c9bfb396dd22f3", size = 69412, upload-time = "2025-05-15T12:30:07.975Z" }
wheels = [
    { url = "https://files.pythonhosted.org/packages/54/20/4d324d65cc6d9205fabedc306948156824eb9f0ee1633355a8f7ec5c66bf/pluggy-1.6.0-py3-none-any.whl", hash = "sha256:e920276dd6813095e9377c0bc5566d94c932c33b27a3e3945d8389c374dd4746", size = 20538, upload-time = "2025-05-15T12:30:06.134Z" },
]

[[package]]
name = "pygments"
version = "2.19.2"
source = { registry = "https://pypi.org/simple" }
sdist = { url = "https://files.pythonhosted.org/packages/b0/77/a5b8c569bf593b0140bde72ea885a803b82086995367bf2037de0159d924/pygments-2.19.2.tar.gz", hash = "sha256:636cb2477cec7f8952536970bc533bc43743542f70392ae026374600add5b887", size = 4968631, upload-time = "2025-06-21T13:39:12.283Z" }
wheels = [
    { url = "https://files.pythonhosted.org/packages/c7/21/705964c7812476f378728bdf590ca4b771ec72385c533964653c68e86bdc/pygments-2.19.2-py3-none-any.whl", hash = "sha256:86540386c03d588bb81d44bc3928634ff26449851e99741617ecb9037ee5ec0b", size = 1225217, upload-time = "2025-06-21T13:39:07.939Z" },
]

[[package]]
name = "pytest"
version = "9.0.2"
source = { registry = "https://pypi.org/simple" }
dependencies = [
    { name = "colorama", marker = "sys_platform == 'win32'" },
    { name = "iniconfig" },
    { name = "packaging" },
    { name = "pluggy" },
    { name = "pygments" },
]
sdist = { url = "https://files.pythonhosted.org/packages/d1/db/7ef3487e0fb0049ddb5ce41d3a49c235bf9ad299b6a25d5780a89f19230f/pytest-9.0.2.tar.gz", hash = "sha256:75186651a92bd89611d1d9fc20f0b4345fd827c41ccd5c299a868a05d70edf11", size = 1568901, upload-time = "2025-12-06T21:30:51.014Z" }
wheels = [
    { url = "https://files.pythonhosted.org/packages/3b/ab/b3226f0bd7cdcf710fbede2b3548584366da3b19b5021e74f5bde2a8fa3f/pytest-9.0.2-py3-none-any.whl", hash = "sha256:711ffd45bf766d5264d487b917733b453d917afd2b0ad65223959f59089f875b", size = 374801, upload-time = "2025-12-06T21:30:49.154Z" },
]

[[package]]
name = "rich"
version = "14.3.3"
source = { registry = "https://pypi.org/simple" }
dependencies = [
    { name = "markdown-it-py" },
    { name = "pygments" },
]
sdist = { url = "https://files.pythonhosted.org/packages/b3/c6/f3b320c27991c46f43ee9d856302c70dc2d0fb2dba4842ff739d5f46b393/rich-14.3.3.tar.gz", hash = "sha256:b8daa0b9e4eef54dd8cf7c86c03713f53241884e814f4e2f5fb342fe520f639b", size = 230582, upload-time = "2026-02-19T17:23:12.474Z" }
wheels = [
    { url = "https://files.pythonhosted.org/packages/14/25/b208c5683343959b670dc001595f2f3737e051da617f66c31f7c4fa93abc/rich-14.3.3-py3-none-any.whl", hash = "sha256:793431c1f8619afa7d3b52b2cdec859562b950ea0d4b6b505397612db8d5362d", size = 310458, upload-time = "2026-02-19T17:23:13.732Z" },
]

[[package]]
name = "ruff"
version = "0.15.1"
source = { registry = "https://pypi.org/simple" }
sdist = { url = "https://files.pythonhosted.org/packages/04/dc/4e6ac71b511b141cf626357a3946679abeba4cf67bc7cc5a17920f31e10d/ruff-0.15.1.tar.gz", hash = "sha256:c590fe13fb57c97141ae975c03a1aedb3d3156030cabd740d6ff0b0d601e203f", size = 4540855, upload-time = "2026-02-12T23:09:09.998Z" }
wheels = [
    { url = "https://files.pythonhosted.org/packages/23/bf/e6e4324238c17f9d9120a9d60aa99a7daaa21204c07fcd84e2ef03bb5fd1/ruff-0.15.1-py3-none-linux_armv6l.whl", hash = "sha256:b101ed7cf4615bda6ffe65bdb59f964e9f4a0d3f85cbf0e54f0ab76d7b90228a", size = 10367819, upload-time = "2026-02-12T23:09:03.598Z" },
    { url = "https://files.pythonhosted.org/packages/b3/ea/c8f89d32e7912269d38c58f3649e453ac32c528f93bb7f4219258be2e7ed/ruff-0.15.1-py3-none-macosx_10_12_x86_64.whl", hash = "sha256:939c995e9277e63ea632cc8d3fae17aa758526f49a9a850d2e7e758bfef46602", size = 10798618, upload-time = "2026-02-12T23:09:22.928Z" },
    { url = "https://files.pythonhosted.org/packages/5e/0f/1d0d88bc862624247d82c20c10d4c0f6bb2f346559d8af281674cf327f15/ruff-0.15.1-py3-none-macosx_11_0_arm64.whl", hash = "sha256:1d83466455fdefe60b8d9c8df81d3c1bbb2115cede53549d3b522ce2bc703899", size = 10148518, upload-time = "2026-02-12T23:08:58.339Z" },
    { url = "https://files.pythonhosted.org/packages/f5/c8/291c49cefaa4a9248e986256df2ade7add79388fe179e0691be06fae6f37/ruff-0.15.1-py3-none-manylinux_2_17_aarch64.manylinux2014_aarch64.whl", hash = "sha256:a9457e3c3291024866222b96108ab2d8265b477e5b1534c7ddb1810904858d16", size = 10518811, upload-time = "2026-02-12T23:09:31.865Z" },
    { url = "https://files.pythonhosted.org/packages/c3/1a/f5707440e5ae43ffa5365cac8bbb91e9665f4a883f560893829cf16a606b/ruff-0.15.1-py3-none-manylinux_2_17_armv7l.manylinux2014_armv7l.whl", hash = "sha256:92c92b003e9d4f7fbd33b1867bb15a1b785b1735069108dfc23821ba045b29bc", size = 10196169, upload-time = "2026-02-12T23:09:17.306Z" },
    { url = "https://files.pythonhosted.org/packages/2a/ff/26ddc8c4da04c8fd3ee65a89c9fb99eaa5c30394269d424461467be2271f/ruff-0.15.1-py3-none-manylinux_2_17_i686.manylinux2014_i686.whl", hash = "sha256:1fe5c41ab43e3a06778844c586251eb5a510f67125427625f9eb2b9526535779", size = 10990491, upload-time = "2026-02-12T23:09:25.503Z" },
    { url = "https://files.pythonhosted.org/packages/fc/00/50920cb385b89413f7cdb4bb9bc8fc59c1b0f30028d8bccc294189a54955/ruff-0.15.1-py3-none-manylinux_2_17_ppc64le.manylinux2014_ppc64le.whl", hash = "sha256:66a6dd6df4d80dc382c6484f8ce1bcceb55c32e9f27a8b94c32f6c7331bf14fb", size = 11843280, upload-time = "2026-02-12T23:09:19.88Z" },
    { url = "https://files.pythonhosted.org/packages/5d/6d/2f5cad8380caf5632a15460c323ae326f1e1a2b5b90a6ee7519017a017ca/ruff-0.15.1-py3-none-manylinux_2_17_s390x.manylinux2014_s390x.whl", hash = "sha256:6a4a42cbb8af0bda9bcd7606b064d7c0bc311a88d141d02f78920be6acb5aa83", size = 11274336, upload-time = "2026-02-12T23:09:14.907Z" },
    { url = "https://files.pythonhosted.org/packages/a3/1d/5f56cae1d6c40b8a318513599b35ea4b075d7dc1cd1d04449578c29d1d75/ruff-0.15.1-py3-none-manylinux_2_17_x86_64.manylinux2014_x86_64.whl", hash = "sha256:4ab064052c31dddada35079901592dfba2e05f5b1e43af3954aafcbc1096a5b2", size = 11137288, upload-time = "2026-02-12T23:09:07.475Z" },
    { url = "https://files.pythonhosted.org/packages/cd/20/6f8d7d8f768c93b0382b33b9306b3b999918816da46537d5a61635514635/ruff-0.15.1-py3-none-manylinux_2_31_riscv64.whl", hash = "sha256:5631c940fe9fe91f817a4c2ea4e81f47bee3ca4aa646134a24374f3c19ad9454", size = 11070681, upload-time = "2026-02-12T23:08:55.43Z" },
    { url = "https://files.pythonhosted.org/packages/9a/67/d640ac76069f64cdea59dba02af2e00b1fa30e2103c7f8d049c0cff4cafd/ruff-0.15.1-py3-none-musllinux_1_2_aarch64.whl", hash = "sha256:68138a4ba184b4691ccdc39f7795c66b3c68160c586519e7e8444cf5a53e1b4c", size = 10486401, upload-time = "2026-02-12T23:09:27.927Z" },
    { url = "https://files.pythonhosted.org/packages/65/3d/e1429f64a3ff89297497916b88c32a5cc88eeca7e9c787072d0e7f1d3e1e/ruff-0.15.1-py3-none-musllinux_1_2_armv7l.whl", hash = "sha256:518f9af03bfc33c03bdb4cb63fabc935341bb7f54af500f92ac309ecfbba6330", size = 10197452, upload-time = "2026-02-12T23:09:12.147Z" },
    { url = "https://files.pythonhosted.org/packages/78/83/e2c3bade17dad63bf1e1c2ffaf11490603b760be149e1419b07049b36ef2/ruff-0.15.1-py3-none-musllinux_1_2_i686.whl", hash = "sha256:da79f4d6a826caaea95de0237a67e33b81e6ec2e25fc7e1993a4015dffca7c61", size = 10693900, upload-time = "2026-02-12T23:09:34.418Z" },
    { url = "https://files.pythonhosted.org/packages/a1/27/fdc0e11a813e6338e0706e8b39bb7a1d61ea5b36873b351acee7e524a72a/ruff-0.15.1-py3-none-musllinux_1_2_x86_64.whl", hash = "sha256:3dd86dccb83cd7d4dcfac303ffc277e6048600dfc22e38158afa208e8bf94a1f", size = 11227302, upload-time = "2026-02-12T23:09:36.536Z" },
    { url = "https://files.pythonhosted.org/packages/f6/58/ac864a75067dcbd3b95be5ab4eb2b601d7fbc3d3d736a27e391a4f92a5c1/ruff-0.15.1-py3-none-win32.whl", hash = "sha256:660975d9cb49b5d5278b12b03bb9951d554543a90b74ed5d366b20e2c57c2098", size = 10462555, upload-time = "2026-02-12T23:09:29.899Z" },
    { url = "https://files.pythonhosted.org/packages/e0/5e/d4ccc8a27ecdb78116feac4935dfc39d1304536f4296168f91ed3ec00cd2/ruff-0.15.1-py3-none-win_amd64.whl", hash = "sha256:c820fef9dd5d4172a6570e5721704a96c6679b80cf7be41659ed439653f62336", size = 11599956, upload-time = "2026-02-12T23:09:01.157Z" },
    { url = "https://files.pythonhosted.org/packages/2a/07/5bda6a85b220c64c65686bc85bd0bbb23b29c62b3a9f9433fa55f17cda93/ruff-0.15.1-py3-none-win_arm64.whl", hash = "sha256:5ff7d5f0f88567850f45081fac8f4ec212be8d0b963e385c3f7d0d2eb4899416", size = 10874604, upload-time = "2026-02-12T23:09:05.515Z" },
]

[[package]]
name = "shellingham"
version = "1.5.4"
source = { registry = "https://pypi.org/simple" }
sdist = { url = "https://files.pythonhosted.org/packages/58/15/8b3609fd3830ef7b27b655beb4b4e9c62313a4e8da8c676e142cc210d58e/shellingham-1.5.4.tar.gz", hash = "sha256:8dbca0739d487e5bd35ab3ca4b36e11c4078f3a234bfce294b0a0291363404de", size = 10310, upload-time = "2023-10-24T04:13:40.426Z" }
wheels = [
    { url = "https://files.pythonhosted.org/packages/e0/f9/0595336914c5619e5f28a1fb793285925a8cd4b432c9da0a987836c7f822/shellingham-1.5.4-py2.py3-none-any.whl", hash = "sha256:7ecfff8f2fd72616f7481040475a65b2bf8af90a56c89140852d1120324e8686", size = 9755, upload-time = "2023-10-24T04:13:38.866Z" },
]

[[package]]
name = "tantivy"
version = "0.25.1"
source = { registry = "https://pypi.org/simple" }
sdist = { url = "https://files.pythonhosted.org/packages/1b/f9/0cd3955d155d3e3ef74b864769514dd191e5dacba9f0beb7af2d914942ce/tantivy-0.25.1.tar.gz", hash = "sha256:68a3314699a7d18fcf338b52bae8ce46a97dde1128a3e47e33fa4db7f71f265e", size = 75120, upload-time = "2025-12-02T11:57:12.997Z" }
wheels = [
    { url = "https://files.pythonhosted.org/packages/4e/7a/8a277f377e8a151fc0e71d4ffc1114aefb6e5e1c7dd609fed0955cf34ed8/tantivy-0.25.1-cp311-cp311-macosx_10_12_x86_64.macosx_11_0_arm64.macosx_10_12_universal2.whl", hash = "sha256:d363d7b4207d3a5aa7f0d212420df35bed18bdb6bae26a2a8bd57428388b7c29", size = 7637033, upload-time = "2025-12-02T11:56:18.104Z" },
    { url = "https://files.pythonhosted.org/packages/71/31/8b4acdedfc9f9a2d04b1340d07eef5213d6f151d1e18da0cb423e5f090d2/tantivy-0.25.1-cp311-cp311-macosx_10_12_x86_64.whl", hash = "sha256:8f4389cf1d889a1df7c5a3195806b4b56c37cee10d8a26faaa0dea35a867b5ff", size = 3932180, upload-time = "2025-12-02T11:56:19.833Z" },
    { url = "https://files.pythonhosted.org/packages/2f/dc/3e8499c21b4b9795e8f2fc54c68ce5b92905aaeadadaa56ecfa9180b11b1/tantivy-0.25.1-cp311-cp311-manylinux_2_17_aarch64.manylinux2014_aarch64.whl", hash = "sha256:99864c09fc54652c3c2486cdf13f86cdc8200f4b481569cb291e095ca5d496e5", size = 4197620, upload-time = "2025-12-02T11:56:21.496Z" },
    { url = "https://files.pythonhosted.org/packages/f8/8e/f2ce62fffc811eb62bead92c7b23c2e218f817cbd54c4f3b802e03ba1438/tantivy-0.25.1-cp311-cp311-manylinux_2_17_x86_64.manylinux2014_x86_64.whl", hash = "sha256:05abf37ddbc5063c575548be0d62931629c086bff7a5a1b67cf5a8f5ebf4cd8c", size = 4183794, upload-time = "2025-12-02T11:56:23.215Z" },
    { url = "https://files.pythonhosted.org/packages/de/64/24e2891b0ba3fd9853e10c296095a33b89bf3efd65e29da1ee5dae736040/tantivy-0.25.1-cp311-cp311-win_amd64.whl", hash = "sha256:f307ee8ad21597b0be23af83008fd66cfd5f958cdfa24ec0aaa08a38e86bbef4", size = 3424235, upload-time = "2025-12-02T11:56:25.172Z" },
    { url = "https://files.pythonhosted.org/packages/41/e7/6849c713ed0996c7628324c60512c4882006f0a62145e56c624a93407f90/tantivy-0.25.1-cp312-cp312-macosx_10_12_x86_64.macosx_11_0_arm64.macosx_10_12_universal2.whl", hash = "sha256:90fd919e5f611809f746560ecf36eb9be824dec62e21ae17a27243759edb9aa1", size = 7621494, upload-time = "2025-12-02T11:56:27.069Z" },
    { url = "https://files.pythonhosted.org/packages/c5/22/c3d8294600dc6e7fa350daef9ff337d3c06e132b81df727de9f7a50c692a/tantivy-0.25.1-cp312-cp312-macosx_10_12_x86_64.whl", hash = "sha256:4613c7cf6c23f3a97989819690a0f956d799354957de7a204abcc60083cebe02", size = 3925219, upload-time = "2025-12-02T11:56:29.403Z" },
    { url = "https://files.pythonhosted.org/packages/41/fc/cbb1df71dd44c9110eff4eaaeda9d44f2d06182fe0452193be20ddfba93f/tantivy-0.25.1-cp312-cp312-manylinux_2_17_aarch64.manylinux2014_aarch64.whl", hash = "sha256:c477bd20b4df804d57dfc5033431bef27cde605695ae141b03abbf6ebc069129", size = 4198699, upload-time = "2025-12-02T11:56:31.359Z" },
    { url = "https://files.pythonhosted.org/packages/47/4d/71abb78b774073c3ce12a4faa4351a9d910a71ffa3659526affba163873d/tantivy-0.25.1-cp312-cp312-manylinux_2_17_x86_64.manylinux2014_x86_64.whl", hash = "sha256:f9b1a1ba1113c523c7ff7b10f282d6c4074006f7ef8d71e1d973d51bf7291ddb", size = 4183585, upload-time = "2025-12-02T11:56:33.317Z" },
    { url = "https://files.pythonhosted.org/packages/be/16/3f00cd7ec458b92a0e977960af9ddfbeb762127d9acc68da9094a1fda556/tantivy-0.25.1-cp312-cp312-win_amd64.whl", hash = "sha256:9de0bafd3bd7ac9f8f82d53e17562e9db11a5af308fe5185c4bd86feaddbe4a6", size = 3424622, upload-time = "2025-12-02T11:56:34.788Z" },
    { url = "https://files.pythonhosted.org/packages/3d/25/73cfbcf1a8ea49be6c42817431cac46b70a119fe64da903fcc2d92b5b511/tantivy-0.25.1-cp313-cp313-macosx_10_12_x86_64.macosx_11_0_arm64.macosx_10_12_universal2.whl", hash = "sha256:f51ff7196c6f31719202080ed8372d5e3d51e92c749c032fb8234f012e99744c", size = 7622530, upload-time = "2025-12-02T11:56:36.839Z" },
    { url = "https://files.pythonhosted.org/packages/12/c8/c0d7591cdf4f7e7a9fc4da786d1ca8cd1aacffaa2be16ea6d401a8e4a566/tantivy-0.25.1-cp313-cp313-macosx_10_12_x86_64.whl", hash = "sha256:550e63321bfcacc003859f2fa29c1e8e56450807b3c9a501c1add27cfb9236d9", size = 3925637, upload-time = "2025-12-02T11:56:38.425Z" },
    { url = "https://files.pythonhosted.org/packages/3a/09/bedfc223bffec7641b417dd7ab071134b2ef8f8550e9b1fb6014657ef52e/tantivy-0.25.1-cp313-cp313-manylinux_2_17_aarch64.manylinux2014_aarch64.whl", hash = "sha256:fde31cc8d6e122faf7902aeea32bc008a429a6e8904e34d3468126a3ec01b016", size = 4197322, upload-time = "2025-12-02T11:56:40.411Z" },
    { url = "https://files.pythonhosted.org/packages/f5/f1/1fa5183500c8042200c9f2b840d34f5bbcfb434a1ee750e7132262d2a5c9/tantivy-0.25.1-cp313-cp313-manylinux_2_17_x86_64.manylinux2014_x86_64.whl", hash = "sha256:b11bd5a518b0be645320b47af8493f6a40c4f3234313e37adcf4534a564d27dd", size = 4183143, upload-time = "2025-12-02T11:56:42.048Z" },
    { url = "https://files.pythonhosted.org/packages/d5/74/a4c4f4eb95888ccb784da3b017aa0625ab1ac411bf5d022a9a797d9a2334/tantivy-0.25.1-cp313-cp313-win_amd64.whl", hash = "sha256:cc7fe88853e06b3251ee4fa42b7a2038727f850c8765bcc8167cfc73585dd24e", size = 3423491, upload-time = "2025-12-02T11:56:43.858Z" },
    { url = "https://files.pythonhosted.org/packages/8b/2f/581519492226f97d23bd0adc95dad991ebeaa73ea6abc8bff389a3096d9a/tantivy-0.25.1-cp313-cp313t-macosx_10_12_x86_64.macosx_11_0_arm64.macosx_10_12_universal2.whl", hash = "sha256:dae99e75b7eaa9bf5bd16ab106b416370f08c135aed0e117d62a3201cd1ffe36", size = 7610316, upload-time = "2025-12-02T11:56:45.927Z" },
    { url = "https://files.pythonhosted.org/packages/91/40/5d7bc315ab9e6a22c5572656e8ada1c836cfa96dccf533377504fbc3c9d9/tantivy-0.25.1-cp313-cp313t-macosx_10_12_x86_64.whl", hash = "sha256:506e9533c5ef4d3df43bad64ffecc0aa97c76e361ea610815dc3a20a9d6b30b3", size = 3919882, upload-time = "2025-12-02T11:56:48.469Z" },
    { url = "https://files.pythonhosted.org/packages/02/b9/e0ef2f57a6a72444cb66c2ffbc310ab33ffaace275f1c4b0319d84ea3f18/tantivy-0.25.1-cp313-cp313t-manylinux_2_17_aarch64.manylinux2014_aarch64.whl", hash = "sha256:5dbd4f8f264dacbcc9dee542832da2173fd53deaaea03f082d95214f8b5ed6bc", size = 4196031, upload-time = "2025-12-02T11:56:50.151Z" },
    { url = "https://files.pythonhosted.org/packages/1e/02/bf3f8cacfd08642e14a73f7956a3fb95d58119132c98c121b9065a1f8615/tantivy-0.25.1-cp313-cp313t-manylinux_2_17_x86_64.manylinux2014_x86_64.whl", hash = "sha256:824c643ccb640dd9e35e00c5d5054ddf3323f56fe4219d57d428a9eeea13d22c", size = 4183437, upload-time = "2025-12-02T11:56:51.818Z" },
    { url = "https://files.pythonhosted.org/packages/9c/83/afa90e570198e2d1139dd567bec3c9cf44d8c54f63a649f16d711ede02f5/tantivy-0.25.1-cp313-cp313t-win_amd64.whl", hash = "sha256:09c987b840afcebac817836ac08407eff17272d8aa60ce6e291f89c81830221d", size = 3419409, upload-time = "2025-12-02T11:56:53.451Z" },
    { url = "https://files.pythonhosted.org/packages/ff/44/9f1d67aa5030f7eebc966c863d1316a510a971dd8bb45651df4acdfae9ed/tantivy-0.25.1-cp314-cp314-macosx_10_12_x86_64.macosx_11_0_arm64.macosx_10_12_universal2.whl", hash = "sha256:7f5d29ae85dd0f23df8d15b3e7b341d4f9eb5a446bbb9640df48ac1f6d9e0c6c", size = 7623723, upload-time = "2025-12-02T11:56:55.066Z" },
    { url = "https://files.pythonhosted.org/packages/db/30/6e085bd3ed9d12da3c91c185854abd70f9dfd35fb36a75ea98428d42c30b/tantivy-0.25.1-cp314-cp314-macosx_10_12_x86_64.whl", hash = "sha256:f2d2938fb69a74fc1bb36edfaf7f0d1596fa1264db0f377bda2195c58bcb6245", size = 3926243, upload-time = "2025-12-02T11:56:57.058Z" },
    { url = "https://files.pythonhosted.org/packages/32/f5/a00d65433430f51718e5cc6938df571765d7c4e03aedec5aef4ab567aa9b/tantivy-0.25.1-cp314-cp314-manylinux_2_17_aarch64.manylinux2014_aarch64.whl", hash = "sha256:4f5ff124c4802558e627091e780b362ca944169736caba5a372eef39a79d0ae0", size = 4207186, upload-time = "2025-12-02T11:56:58.803Z" },
    { url = "https://files.pythonhosted.org/packages/19/63/61bdb12fc95f2a7f77bd419a5149bfa9f28caa76cb569bf2b6b06e1d033e/tantivy-0.25.1-cp314-cp314-manylinux_2_17_x86_64.manylinux2014_x86_64.whl", hash = "sha256:43b80ef62a340416139c93d19264e5f808da48e04f9305f1092b8ed22be0a5be", size = 4187312, upload-time = "2025-12-02T11:57:00.595Z" },
    { url = "https://files.pythonhosted.org/packages/b7/de/e39c0b01d59019bf5c38face8b81defbc4a68cebf5e0c53bcb2cd715a449/tantivy-0.25.1-cp314-cp314-win_amd64.whl", hash = "sha256:286b654f40c70c1e6b64b9bc7031ed0bf5c440f5bffeaeeee21a0ee6cc39f0e2", size = 3436535, upload-time = "2025-12-02T11:57:02.267Z" },
]

[[package]]
name = "textual"
version = "8.0.0"
source = { registry = "https://pypi.org/simple" }
dependencies = [
    { name = "markdown-it-py", extra = ["linkify"] },
    { name = "mdit-py-plugins" },
    { name = "platformdirs" },
    { name = "pygments" },
    { name = "rich" },
    { name = "typing-extensions" },
]
sdist = { url = "https://files.pythonhosted.org/packages/f7/08/1e1f705825359590ddfaeda57653bd518c4ff7a96bb2c3239ba1b6fc4c51/textual-8.0.0.tar.gz", hash = "sha256:ce48f83a3d686c0fac0e80bf9136e1f8851c653aa6a4502e43293a151df18809", size = 1595895, upload-time = "2026-02-16T17:12:14.215Z" }
wheels = [
    { url = "https://files.pythonhosted.org/packages/d3/be/e191c2a15da20530fde03564564e3e4b4220eb9d687d4014957e5c6a5e85/textual-8.0.0-py3-none-any.whl", hash = "sha256:8908f4ebe93a6b4f77ca7262197784a52162bc88b05f4ecf50ac93a92d49bb8f", size = 718904, upload-time = "2026-02-16T17:12:11.962Z" },
]

[[package]]
name = "typer"
version = "0.24.0"
source = { registry = "https://pypi.org/simple" }
dependencies = [
    { name = "annotated-doc" },
    { name = "click" },
    { name = "rich" },
    { name = "shellingham" },
]
sdist = { url = "https://files.pythonhosted.org/packages/5a/b6/3e681d3b6bb22647509bdbfdd18055d5adc0dce5c5585359fa46ff805fdc/typer-0.24.0.tar.gz", hash = "sha256:f9373dc4eff901350694f519f783c29b6d7a110fc0dcc11b1d7e353b85ca6504", size = 118380, upload-time = "2026-02-16T22:08:48.496Z" }
wheels = [
    { url = "https://files.pythonhosted.org/packages/85/d0/4da85c2a45054bb661993c93524138ace4956cb075a7ae0c9d1deadc331b/typer-0.24.0-py3-none-any.whl", hash = "sha256:5fc435a9c8356f6160ed6e85a6301fdd6e3d8b2851da502050d1f92c5e9eddc8", size = 56441, upload-time = "2026-02-16T22:08:47.535Z" },
]

[[package]]
name = "typing-extensions"
version = "4.15.0"
source = { registry = "https://pypi.org/simple" }
sdist = { url = "https://files.pythonhosted.org/packages/72/94/1a15dd82efb362ac84269196e94cf00f187f7ed21c242792a923cdb1c61f/typing_extensions-4.15.0.tar.gz", hash = "sha256:0cea48d173cc12fa28ecabc3b837ea3cf6f38c6d1136f85cbaaf598984861466", size = 109391, upload-time = "2025-08-25T13:49:26.313Z" }
wheels = [
    { url = "https://files.pythonhosted.org/packages/18/67/36e9267722cc04a6b9f15c7f3441c2363321a3ea07da7ae0c0707beb2a9c/typing_extensions-4.15.0-py3-none-any.whl", hash = "sha256:f0fa19c6845758ab08074a0cfa8b7aecb71c999ca73d62883bc25cc018c4e548", size = 44614, upload-time = "2025-08-25T13:49:24.86Z" },
]

[[package]]
name = "uc-micro-py"
version = "1.0.3"
source = { registry = "https://pypi.org/simple" }
sdist = { url = "https://files.pythonhosted.org/packages/91/7a/146a99696aee0609e3712f2b44c6274566bc368dfe8375191278045186b8/uc-micro-py-1.0.3.tar.gz", hash = "sha256:d321b92cff673ec58027c04015fcaa8bb1e005478643ff4a500882eaab88c48a", size = 6043, upload-time = "2024-02-09T16:52:01.654Z" }
wheels = [
    { url = "https://files.pythonhosted.org/packages/37/87/1f677586e8ac487e29672e4b17455758fce261de06a0d086167bb760361a/uc_micro_py-1.0.3-py3-none-any.whl", hash = "sha256:db1dffff340817673d7b466ec86114a9dc0e9d4d9b5ba229d9d60e5c12600cd5", size = 6229, upload-time = "2024-02-09T16:52:00.371Z" },
]
